// !$*UTF8*$!
{
	archiveVersion = 1;
	classes = {
	};
	objectVersion = 46;
	objects = {

/* Begin PBXBuildFile section */
		8C7AF0B61F0F15D800EDCBE3 /* main.m in Sources */ = {isa = PBXBuildFile; fileRef = 8C7AF0B51F0F15D800EDCBE3 /* main.m */; };
		8C7AF0B91F0F15D800EDCBE3 /* AppDelegate.m in Sources */ = {isa = PBXBuildFile; fileRef = 8C7AF0B81F0F15D800EDCBE3 /* AppDelegate.m */; };
		8C7AF0BC1F0F15D800EDCBE3 /* ViewController.m in Sources */ = {isa = PBXBuildFile; fileRef = 8C7AF0BB1F0F15D800EDCBE3 /* ViewController.m */; };
		8C7AF0BF1F0F15D800EDCBE3 /* Main.storyboard in Resources */ = {isa = PBXBuildFile; fileRef = 8C7AF0BD1F0F15D800EDCBE3 /* Main.storyboard */; };
		8C7AF0C11F0F15D800EDCBE3 /* Assets.xcassets in Resources */ = {isa = PBXBuildFile; fileRef = 8C7AF0C01F0F15D800EDCBE3 /* Assets.xcassets */; };
		8C7AF0C41F0F15D800EDCBE3 /* LaunchScreen.storyboard in Resources */ = {isa = PBXBuildFile; fileRef = 8C7AF0C21F0F15D800EDCBE3 /* LaunchScreen.storyboard */; };
		8C7AF0CF1F0F15D800EDCBE3 /* MVVM__Tests.m in Sources */ = {isa = PBXBuildFile; fileRef = 8C7AF0CE1F0F15D800EDCBE3 /* MVVM__Tests.m */; };
		8C7AF0DA1F0F15D800EDCBE3 /* MVVM__UITests.m in Sources */ = {isa = PBXBuildFile; fileRef = 8C7AF0D91F0F15D800EDCBE3 /* MVVM__UITests.m */; };
		8C7AF0E91F0F169D00EDCBE3 /* HNMovieModel.m in Sources */ = {isa = PBXBuildFile; fileRef = 8C7AF0E81F0F169D00EDCBE3 /* HNMovieModel.m */; };
		8C7AF0EC1F0F171100EDCBE3 /* HNMovieTableViewCell.m in Sources */ = {isa = PBXBuildFile; fileRef = 8C7AF0EB1F0F171100EDCBE3 /* HNMovieTableViewCell.m */; };
		8C7AF0EF1F0F175600EDCBE3 /* HNMovieModelView.m in Sources */ = {isa = PBXBuildFile; fileRef = 8C7AF0EE1F0F175600EDCBE3 /* HNMovieModelView.m */; };
/* End PBXBuildFile section */

/* Begin PBXContainerItemProxy section */
		8C7AF0CB1F0F15D800EDCBE3 /* PBXContainerItemProxy */ = {
			isa = PBXContainerItemProxy;
			containerPortal = 8C7AF0A91F0F15D700EDCBE3 /* Project object */;
			proxyType = 1;
			remoteGlobalIDString = 8C7AF0B01F0F15D700EDCBE3;
			remoteInfo = "MVVM尝试";
		};
		8C7AF0D61F0F15D800EDCBE3 /* PBXContainerItemProxy */ = {
			isa = PBXContainerItemProxy;
			containerPortal = 8C7AF0A91F0F15D700EDCBE3 /* Project object */;
			proxyType = 1;
			remoteGlobalIDString = 8C7AF0B01F0F15D700EDCBE3;
			remoteInfo = "MVVM尝试";
		};
/* End PBXContainerItemProxy section */

/* Begin PBXFileReference section */
		8C7AF0B11F0F15D800EDCBE3 /* MVVM尝试.app */ = {isa = PBXFileReference; explicitFileType = wrapper.application; includeInIndex = 0; path = "MVVM尝试.app"; sourceTree = BUILT_PRODUCTS_DIR; };
		8C7AF0B51F0F15D800EDCBE3 /* main.m */ = {isa = PBXFileReference; lastKnownFileType = sourcecode.c.objc; path = main.m; sourceTree = "<group>"; };
		8C7AF0B71F0F15D800EDCBE3 /* AppDelegate.h */ = {isa = PBXFileReference; lastKnownFileType = sourcecode.c.h; path = AppDelegate.h; sourceTree = "<group>"; };
		8C7AF0B81F0F15D800EDCBE3 /* AppDelegate.m */ = {isa = PBXFileReference; lastKnownFileType = sourcecode.c.objc; path = AppDelegate.m; sourceTree = "<group>"; };
		8C7AF0BA1F0F15D800EDCBE3 /* ViewController.h */ = {isa = PBXFileReference; lastKnownFileType = sourcecode.c.h; path = ViewController.h; sourceTree = "<group>"; };
		8C7AF0BB1F0F15D800EDCBE3 /* ViewController.m */ = {isa = PBXFileReference; lastKnownFileType = sourcecode.c.objc; path = ViewController.m; sourceTree = "<group>"; };
		8C7AF0BE1F0F15D800EDCBE3 /* Base */ = {isa = PBXFileReference; lastKnownFileType = file.storyboard; name = Base; path = Base.lproj/Main.storyboard; sourceTree = "<group>"; };
		8C7AF0C01F0F15D800EDCBE3 /* Assets.xcassets */ = {isa = PBXFileReference; lastKnownFileType = folder.assetcatalog; path = Assets.xcassets; sourceTree = "<group>"; };
		8C7AF0C31F0F15D800EDCBE3 /* Base */ = {isa = PBXFileReference; lastKnownFileType = file.storyboard; name = Base; path = Base.lproj/LaunchScreen.storyboard; sourceTree = "<group>"; };
		8C7AF0C51F0F15D800EDCBE3 /* Info.plist */ = {isa = PBXFileReference; lastKnownFileType = text.plist.xml; path = Info.plist; sourceTree = "<group>"; };
		8C7AF0CA1F0F15D800EDCBE3 /* MVVM尝试Tests.xctest */ = {isa = PBXFileReference; explicitFileType = wrapper.cfbundle; includeInIndex = 0; path = "MVVM尝试Tests.xctest"; sourceTree = BUILT_PRODUCTS_DIR; };
		8C7AF0CE1F0F15D800EDCBE3 /* MVVM__Tests.m */ = {isa = PBXFileReference; lastKnownFileType = sourcecode.c.objc; path = MVVM__Tests.m; sourceTree = "<group>"; };
		8C7AF0D01F0F15D800EDCBE3 /* Info.plist */ = {isa = PBXFileReference; lastKnownFileType = text.plist.xml; path = Info.plist; sourceTree = "<group>"; };
		8C7AF0D51F0F15D800EDCBE3 /* MVVM尝试UITests.xctest */ = {isa = PBXFileReference; explicitFileType = wrapper.cfbundle; includeInIndex = 0; path = "MVVM尝试UITests.xctest"; sourceTree = BUILT_PRODUCTS_DIR; };
		8C7AF0D91F0F15D800EDCBE3 /* MVVM__UITests.m */ = {isa = PBXFileReference; lastKnownFileType = sourcecode.c.objc; path = MVVM__UITests.m; sourceTree = "<group>"; };
		8C7AF0DB1F0F15D800EDCBE3 /* Info.plist */ = {isa = PBXFileReference; lastKnownFileType = text.plist.xml; path = Info.plist; sourceTree = "<group>"; };
		8C7AF0E71F0F169D00EDCBE3 /* HNMovieModel.h */ = {isa = PBXFileReference; fileEncoding = 4; lastKnownFileType = sourcecode.c.h; path = HNMovieModel.h; sourceTree = "<group>"; };
		8C7AF0E81F0F169D00EDCBE3 /* HNMovieModel.m */ = {isa = PBXFileReference; fileEncoding = 4; lastKnownFileType = sourcecode.c.objc; path = HNMovieModel.m; sourceTree = "<group>"; };
		8C7AF0EA1F0F171100EDCBE3 /* HNMovieTableViewCell.h */ = {isa = PBXFileReference; fileEncoding = 4; lastKnownFileType = sourcecode.c.h; path = HNMovieTableViewCell.h; sourceTree = "<group>"; };
		8C7AF0EB1F0F171100EDCBE3 /* HNMovieTableViewCell.m */ = {isa = PBXFileReference; fileEncoding = 4; lastKnownFileType = sourcecode.c.objc; path = HNMovieTableViewCell.m; sourceTree = "<group>"; };
		8C7AF0ED1F0F175600EDCBE3 /* HNMovieModelView.h */ = {isa = PBXFileReference; fileEncoding = 4; lastKnownFileType = sourcecode.c.h; path = HNMovieModelView.h; sourceTree = "<group>"; };
		8C7AF0EE1F0F175600EDCBE3 /* HNMovieModelView.m */ = {isa = PBXFileReference; fileEncoding = 4; lastKnownFileType = sourcecode.c.objc; path = HNMovieModelView.m; sourceTree = "<group>"; };
/* End PBXFileReference section */

/* Begin PBXFrameworksBuildPhase section */
		8C7AF0AE1F0F15D700EDCBE3 /* Frameworks */ = {
			isa = PBXFrameworksBuildPhase;
			buildActionMask = 2147483647;
			files = (
			);
			runOnlyForDeploymentPostprocessing = 0;
		};
		8C7AF0C71F0F15D800EDCBE3 /* Frameworks */ = {
			isa = PBXFrameworksBuildPhase;
			buildActionMask = 2147483647;
			files = (
			);
			runOnlyForDeploymentPostprocessing = 0;
		};
		8C7AF0D21F0F15D800EDCBE3 /* Frameworks */ = {
			isa = PBXFrameworksBuildPhase;
			buildActionMask = 2147483647;
			files = (
			);
			runOnlyForDeploymentPostprocessing = 0;
		};
/* End PBXFrameworksBuildPhase section */

/* Begin PBXGroup section */
		8C7AF0A81F0F15D700EDCBE3 = {
			isa = PBXGroup;
			children = (
				8C7AF0B31F0F15D800EDCBE3 /* MVVM尝试 */,
				8C7AF0CD1F0F15D800EDCBE3 /* MVVM尝试Tests */,
				8C7AF0D81F0F15D800EDCBE3 /* MVVM尝试UITests */,
				8C7AF0B21F0F15D800EDCBE3 /* Products */,
			);
			sourceTree = "<group>";
		};
		8C7AF0B21F0F15D800EDCBE3 /* Products */ = {
			isa = PBXGroup;
			children = (
				8C7AF0B11F0F15D800EDCBE3 /* MVVM尝试.app */,
				8C7AF0CA1F0F15D800EDCBE3 /* MVVM尝试Tests.xctest */,
				8C7AF0D51F0F15D800EDCBE3 /* MVVM尝试UITests.xctest */,
			);
			name = Products;
			sourceTree = "<group>";
		};
		8C7AF0B31F0F15D800EDCBE3 /* MVVM尝试 */ = {
			isa = PBXGroup;
			children = (
				8C7AF0B71F0F15D800EDCBE3 /* AppDelegate.h */,
				8C7AF0B81F0F15D800EDCBE3 /* AppDelegate.m */,
				8C7AF0BA1F0F15D800EDCBE3 /* ViewController.h */,
				8C7AF0BB1F0F15D800EDCBE3 /* ViewController.m */,
				8C7AF0E71F0F169D00EDCBE3 /* HNMovieModel.h */,
				8C7AF0E81F0F169D00EDCBE3 /* HNMovieModel.m */,
				8C7AF0EA1F0F171100EDCBE3 /* HNMovieTableViewCell.h */,
				8C7AF0EB1F0F171100EDCBE3 /* HNMovieTableViewCell.m */,
				8C7AF0ED1F0F175600EDCBE3 /* HNMovieModelView.h */,
				8C7AF0EE1F0F175600EDCBE3 /* HNMovieModelView.m */,
				8C7AF0BD1F0F15D800EDCBE3 /* Main.storyboard */,
				8C7AF0C01F0F15D800EDCBE3 /* Assets.xcassets */,
				8C7AF0C21F0F15D800EDCBE3 /* LaunchScreen.storyboard */,
				8C7AF0C51F0F15D800EDCBE3 /* Info.plist */,
				8C7AF0B41F0F15D800EDCBE3 /* Supporting Files */,
			);
			path = "MVVM尝试";
			sourceTree = "<group>";
		};
		8C7AF0B41F0F15D800EDCBE3 /* Supporting Files */ = {
			isa = PBXGroup;
			children = (
				8C7AF0B51F0F15D800EDCBE3 /* main.m */,
			);
			name = "Supporting Files";
			sourceTree = "<group>";
		};
		8C7AF0CD1F0F15D800EDCBE3 /* MVVM尝试Tests */ = {
			isa = PBXGroup;
			children = (
				8C7AF0CE1F0F15D800EDCBE3 /* MVVM__Tests.m */,
				8C7AF0D01F0F15D800EDCBE3 /* Info.plist */,
			);
			path = "MVVM尝试Tests";
			sourceTree = "<group>";
		};
		8C7AF0D81F0F15D800EDCBE3 /* MVVM尝试UITests */ = {
			isa = PBXGroup;
			children = (
				8C7AF0D91F0F15D800EDCBE3 /* MVVM__UITests.m */,
				8C7AF0DB1F0F15D800EDCBE3 /* Info.plist */,
			);
			path = "MVVM尝试UITests";
			sourceTree = "<group>";
		};
/* End PBXGroup section */

/* Begin PBXNativeTarget section */
		8C7AF0B01F0F15D700EDCBE3 /* MVVM尝试 */ = {
			isa = PBXNativeTarget;
			buildConfigurationList = 8C7AF0DE1F0F15D800EDCBE3 /* Build configuration list for PBXNativeTarget "MVVM尝试" */;
			buildPhases = (
				8C7AF0AD1F0F15D700EDCBE3 /* Sources */,
				8C7AF0AE1F0F15D700EDCBE3 /* Frameworks */,
				8C7AF0AF1F0F15D700EDCBE3 /* Resources */,
			);
			buildRules = (
			);
			dependencies = (
			);
			name = "MVVM尝试";
			productName = "MVVM尝试";
			productReference = 8C7AF0B11F0F15D800EDCBE3 /* MVVM尝试.app */;
			productType = "com.apple.product-type.application";
		};
		8C7AF0C91F0F15D800EDCBE3 /* MVVM尝试Tests */ = {
			isa = PBXNativeTarget;
			buildConfigurationList = 8C7AF0E11F0F15D800EDCBE3 /* Build configuration list for PBXNativeTarget "MVVM尝试Tests" */;
			buildPhases = (
				8C7AF0C61F0F15D800EDCBE3 /* Sources */,
				8C7AF0C71F0F15D800EDCBE3 /* Frameworks */,
				8C7AF0C81F0F15D800EDCBE3 /* Resources */,
			);
			buildRules = (
			);
			dependencies = (
				8C7AF0CC1F0F15D800EDCBE3 /* PBXTargetDependency */,
			);
			name = "MVVM尝试Tests";
			productName = "MVVM尝试Tests";
			productReference = 8C7AF0CA1F0F15D800EDCBE3 /* MVVM尝试Tests.xctest */;
			productType = "com.apple.product-type.bundle.unit-test";
		};
		8C7AF0D41F0F15D800EDCBE3 /* MVVM尝试UITests */ = {
			isa = PBXNativeTarget;
			buildConfigurationList = 8C7AF0E41F0F15D800EDCBE3 /* Build configuration list for PBXNativeTarget "MVVM尝试UITests" */;
			buildPhases = (
				8C7AF0D11F0F15D800EDCBE3 /* Sources */,
				8C7AF0D21F0F15D800EDCBE3 /* Frameworks */,
				8C7AF0D31F0F15D800EDCBE3 /* Resources */,
			);
			buildRules = (
			);
			dependencies = (
				8C7AF0D71F0F15D800EDCBE3 /* PBXTargetDependency */,
			);
			name = "MVVM尝试UITests";
			productName = "MVVM尝试UITests";
			productReference = 8C7AF0D51F0F15D800EDCBE3 /* MVVM尝试UITests.xctest */;
			productType = "com.apple.product-type.bundle.ui-testing";
		};
/* End PBXNativeTarget section */

/* Begin PBXProject section */
		8C7AF0A91F0F15D700EDCBE3 /* Project object */ = {
			isa = PBXProject;
			attributes = {
				LastUpgradeCheck = 0830;
				ORGANIZATIONNAME = "钧泰科技";
				TargetAttributes = {
					8C7AF0B01F0F15D700EDCBE3 = {
						CreatedOnToolsVersion = 8.3.3;
						ProvisioningStyle = Automatic;
					};
					8C7AF0C91F0F15D800EDCBE3 = {
						CreatedOnToolsVersion = 8.3.3;
						ProvisioningStyle = Automatic;
						TestTargetID = 8C7AF0B01F0F15D700EDCBE3;
					};
					8C7AF0D41F0F15D800EDCBE3 = {
						CreatedOnToolsVersion = 8.3.3;
						ProvisioningStyle = Automatic;
						TestTargetID = 8C7AF0B01F0F15D700EDCBE3;
					};
				};
			};
			buildConfigurationList = 8C7AF0AC1F0F15D700EDCBE3 /* Build configuration list for PBXProject "MVVM尝试" */;
			compatibilityVersion = "Xcode 3.2";
			developmentRegion = English;
			hasScannedForEncodings = 0;
			knownRegions = (
				en,
				Base,
			);
			mainGroup = 8C7AF0A81F0F15D700EDCBE3;
			productRefGroup = 8C7AF0B21F0F15D800EDCBE3 /* Products */;
			projectDirPath = "";
			projectRoot = "";
			targets = (
				8C7AF0B01F0F15D700EDCBE3 /* MVVM尝试 */,
				8C7AF0C91F0F15D800EDCBE3 /* MVVM尝试Tests */,
				8C7AF0D41F0F15D800EDCBE3 /* MVVM尝试UITests */,
			);
		};
/* End PBXProject section */

/* Begin PBXResourcesBuildPhase section */
		8C7AF0AF1F0F15D700EDCBE3 /* Resources */ = {
			isa = PBXResourcesBuildPhase;
			buildActionMask = 2147483647;
			files = (
				8C7AF0C41F0F15D800EDCBE3 /* LaunchScreen.storyboard in Resources */,
				8C7AF0C11F0F15D800EDCBE3 /* Assets.xcassets in Resources */,
				8C7AF0BF1F0F15D800EDCBE3 /* Main.storyboard in Resources */,
			);
			runOnlyForDeploymentPostprocessing = 0;
		};
		8C7AF0C81F0F15D800EDCBE3 /* Resources */ = {
			isa = PBXResourcesBuildPhase;
			buildActionMask = 2147483647;
			files = (
			);
			runOnlyForDeploymentPostprocessing = 0;
		};
		8C7AF0D31F0F15D800EDCBE3 /* Resources */ = {
			isa = PBXResourcesBuildPhase;
			buildActionMask = 2147483647;
			files = (
			);
			runOnlyForDeploymentPostprocessing = 0;
		};
/* End PBXResourcesBuildPhase section */

/* Begin PBXSourcesBuildPhase section */
		8C7AF0AD1F0F15D700EDCBE3 /* Sources */ = {
			isa = PBXSourcesBuildPhase;
			buildActionMask = 2147483647;
			files = (
				8C7AF0EC1F0F171100EDCBE3 /* HNMovieTableViewCell.m in Sources */,
				8C7AF0E91F0F169D00EDCBE3 /* HNMovieModel.m in Sources */,
				8C7AF0BC1F0F15D800EDCBE3 /* ViewController.m in Sources */,
				8C7AF0EF1F0F175600EDCBE3 /* HNMovieModelView.m in Sources */,
				8C7AF0B91F0F15D800EDCBE3 /* AppDelegate.m in Sources */,
				8C7AF0B61F0F15D800EDCBE3 /* main.m in Sources */,
			);
			runOnlyForDeploymentPostprocessing = 0;
		};
		8C7AF0C61F0F15D800EDCBE3 /* Sources */ = {
			isa = PBXSourcesBuildPhase;
			buildActionMask = 2147483647;
			files = (
				8C7AF0CF1F0F15D800EDCBE3 /* MVVM__Tests.m in Sources */,
			);
			runOnlyForDeploymentPostprocessing = 0;
		};
		8C7AF0D11F0F15D800EDCBE3 /* Sources */ = {
			isa = PBXSourcesBuildPhase;
			buildActionMask = 2147483647;
			files = (
				8C7AF0DA1F0F15D800EDCBE3 /* MVVM__UITests.m in Sources */,
			);
			runOnlyForDeploymentPostprocessing = 0;
		};
/* End PBXSourcesBuildPhase section */

/* Begin PBXTargetDependency section */
		8C7AF0CC1F0F15D800EDCBE3 /* PBXTargetDependency */ = {
			isa = PBXTargetDependency;
			target = 8C7AF0B01F0F15D700EDCBE3 /* MVVM尝试 */;
			targetProxy = 8C7AF0CB1F0F15D800EDCBE3 /* PBXContainerItemProxy */;
		};
		8C7AF0D71F0F15D800EDCBE3 /* PBXTargetDependency */ = {
			isa = PBXTargetDependency;
			target = 8C7AF0B01F0F15D700EDCBE3 /* MVVM尝试 */;
			targetProxy = 8C7AF0D61F0F15D800EDCBE3 /* PBXContainerItemProxy */;
		};
/* End PBXTargetDependency section */

/* Begin PBXVariantGroup section */
		8C7AF0BD1F0F15D800EDCBE3 /* Main.storyboard */ = {
			isa = PBXVariantGroup;
			children = (
				8C7AF0BE1F0F15D800EDCBE3 /* Base */,
			);
			name = Main.storyboard;
			sourceTree = "<group>";
		};
		8C7AF0C21F0F15D800EDCBE3 /* LaunchScreen.storyboard */ = {
			isa = PBXVariantGroup;
			children = (
				8C7AF0C31F0F15D800EDCBE3 /* Base */,
			);
			name = LaunchScreen.storyboard;
			sourceTree = "<group>";
		};
/* End PBXVariantGroup section */

/* Begin XCBuildConfiguration section */
		8C7AF0DC1F0F15D800EDCBE3 /* Debug */ = {
			isa = XCBuildConfiguration;
			buildSettings = {
				ALWAYS_SEARCH_USER_PATHS = NO;
				CLANG_ANALYZER_NONNULL = YES;
				CLANG_ANALYZER_NUMBER_OBJECT_CONVERSION = YES_AGGRESSIVE;
				CLANG_CXX_LANGUAGE_STANDARD = "gnu++0x";
				CLANG_CXX_LIBRARY = "libc++";
				CLANG_ENABLE_MODULES = YES;
				CLANG_ENABLE_OBJC_ARC = YES;
				CLANG_WARN_BOOL_CONVERSION = YES;
				CLANG_WARN_CONSTANT_CONVERSION = YES;
				CLANG_WARN_DIRECT_OBJC_ISA_USAGE = YES_ERROR;
				CLANG_WARN_DOCUMENTATION_COMMENTS = YES;
				CLANG_WARN_EMPTY_BODY = YES;
				CLANG_WARN_ENUM_CONVERSION = YES;
				CLANG_WARN_INFINITE_RECURSION = YES;
				CLANG_WARN_INT_CONVERSION = YES;
				CLANG_WARN_OBJC_ROOT_CLASS = YES_ERROR;
				CLANG_WARN_SUSPICIOUS_MOVE = YES;
				CLANG_WARN_UNREACHABLE_CODE = YES;
				CLANG_WARN__DUPLICATE_METHOD_MATCH = YES;
				"CODE_SIGN_IDENTITY[sdk=iphoneos*]" = "iPhone Developer";
				COPY_PHASE_STRIP = NO;
				DEBUG_INFORMATION_FORMAT = dwarf;
				ENABLE_STRICT_OBJC_MSGSEND = YES;
				ENABLE_TESTABILITY = YES;
				GCC_C_LANGUAGE_STANDARD = gnu99;
				GCC_DYNAMIC_NO_PIC = NO;
				GCC_NO_COMMON_BLOCKS = YES;
				GCC_OPTIMIZATION_LEVEL = 0;
				GCC_PREPROCESSOR_DEFINITIONS = (
					"DEBUG=1",
					"$(inherited)",
				);
				GCC_WARN_64_TO_32_BIT_CONVERSION = YES;
				GCC_WARN_ABOUT_RETURN_TYPE = YES_ERROR;
				GCC_WARN_UNDECLARED_SELECTOR = YES;
				GCC_WARN_UNINITIALIZED_AUTOS = YES_AGGRESSIVE;
				GCC_WARN_UNUSED_FUNCTION = YES;
				GCC_WARN_UNUSED_VARIABLE = YES;
				IPHONEOS_DEPLOYMENT_TARGET = 10.3;
				MTL_ENABLE_DEBUG_INFO = YES;
				ONLY_ACTIVE_ARCH = YES;
				SDKROOT = iphoneos;
				TARGETED_DEVICE_FAMILY = "1,2";
			};
			name = Debug;
		};
		8C7AF0DD1F0F15D800EDCBE3 /* Release */ = {
			isa = XCBuildConfiguration;
			buildSettings = {
				ALWAYS_SEARCH_USER_PATHS = NO;
				CLANG_ANALYZER_NONNULL = YES;
				CLANG_ANALYZER_NUMBER_OBJECT_CONVERSION = YES_AGGRESSIVE;
				CLANG_CXX_LANGUAGE_STANDARD = "gnu++0x";
				CLANG_CXX_LIBRARY = "libc++";
				CLANG_ENABLE_MODULES = YES;
				CLANG_ENABLE_OBJC_ARC = YES;
				CLANG_WARN_BOOL_CONVERSION = YES;
				CLANG_WARN_CONSTANT_CONVERSION = YES;
				CLANG_WARN_DIRECT_OBJC_ISA_USAGE = YES_ERROR;
				CLANG_WARN_DOCUMENTATION_COMMENTS = YES;
				CLANG_WARN_EMPTY_BODY = YES;
				CLANG_WARN_ENUM_CONVERSION = YES;
				CLANG_WARN_INFINITE_RECURSION = YES;
				CLANG_WARN_INT_CONVERSION = YES;
				CLANG_WARN_OBJC_ROOT_CLASS = YES_ERROR;
				CLANG_WARN_SUSPICIOUS_MOVE = YES;
				CLANG_WARN_UNREACHABLE_CODE = YES;
				CLANG_WARN__DUPLICATE_METHOD_MATCH = YES;
				"CODE_SIGN_IDENTITY[sdk=iphoneos*]" = "iPhone Developer";
				COPY_PHASE_STRIP = NO;
				DEBUG_INFORMATION_FORMAT = "dwarf-with-dsym";
				ENABLE_NS_ASSERTIONS = NO;
				ENABLE_STRICT_OBJC_MSGSEND = YES;
				GCC_C_LANGUAGE_STANDARD = gnu99;
				GCC_NO_COMMON_BLOCKS = YES;
				GCC_WARN_64_TO_32_BIT_CONVERSION = YES;
				GCC_WARN_ABOUT_RETURN_TYPE = YES_ERROR;
				GCC_WARN_UNDECLARED_SELECTOR = YES;
				GCC_WARN_UNINITIALIZED_AUTOS = YES_AGGRESSIVE;
				GCC_WARN_UNUSED_FUNCTION = YES;
				GCC_WARN_UNUSED_VARIABLE = YES;
				IPHONEOS_DEPLOYMENT_TARGET = 10.3;
				MTL_ENABLE_DEBUG_INFO = NO;
				SDKROOT = iphoneos;
				TARGETED_DEVICE_FAMILY = "1,2";
				VALIDATE_PRODUCT = YES;
			};
			name = Release;
		};
		8C7AF0DF1F0F15D800EDCBE3 /* Debug */ = {
			isa = XCBuildConfiguration;
			buildSettings = {
				ASSETCATALOG_COMPILER_APPICON_NAME = AppIcon;
				INFOPLIST_FILE = "MVVM尝试/Info.plist";
				LD_RUNPATH_SEARCH_PATHS = "$(inherited) @executable_path/Frameworks";
				PRODUCT_BUNDLE_IDENTIFIER = "com.jt.MVVM--";
				PRODUCT_NAME = "$(TARGET_NAME)";
			};
			name = Debug;
		};
		8C7AF0E01F0F15D800EDCBE3 /* Release */ = {
			isa = XCBuildConfiguration;
			buildSettings = {
				ASSETCATALOG_COMPILER_APPICON_NAME = AppIcon;
				INFOPLIST_FILE = "MVVM尝试/Info.plist";
				LD_RUNPATH_SEARCH_PATHS = "$(inherited) @executable_path/Frameworks";
				PRODUCT_BUNDLE_IDENTIFIER = "com.jt.MVVM--";
				PRODUCT_NAME = "$(TARGET_NAME)";
			};
			name = Release;
		};
		8C7AF0E21F0F15D800EDCBE3 /* Debug */ = {
			isa = XCBuildConfiguration;
			buildSettings = {
				BUNDLE_LOADER = "$(TEST_HOST)";
				INFOPLIST_FILE = "MVVM尝试Tests/Info.plist";
				LD_RUNPATH_SEARCH_PATHS = "$(inherited) @executable_path/Frameworks @loader_path/Frameworks";
				PRODUCT_BUNDLE_IDENTIFIER = "com.jt.MVVM--Tests";
				PRODUCT_NAME = "$(TARGET_NAME)";
				TEST_HOST = "$(BUILT_PRODUCTS_DIR)/MVVM尝试.app/MVVM尝试";
			};
			name = Debug;
		};
		8C7AF0E31F0F15D800EDCBE3 /* Release */ = {
			isa = XCBuildConfiguration;
			buildSettings = {
				BUNDLE_LOADER = "$(TEST_HOST)";
				INFOPLIST_FILE = "MVVM尝试Tests/Info.plist";
				LD_RUNPATH_SEARCH_PATHS = "$(inherited) @executable_path/Frameworks @loader_path/Frameworks";
				PRODUCT_BUNDLE_IDENTIFIER = "com.jt.MVVM--Tests";
				PRODUCT_NAME = "$(TARGET_NAME)";
				TEST_HOST = "$(BUILT_PRODUCTS_DIR)/MVVM尝试.app/MVVM尝试";
			};
			name = Release;
		};
		8C7AF0E51F0F15D800EDCBE3 /* Debug */ = {
			isa = XCBuildConfiguration;
			buildSettings = {
				INFOPLIST_FILE = "MVVM尝试UITests/Info.plist";
				LD_RUNPATH_SEARCH_PATHS = "$(inherited) @executable_path/Frameworks @loader_path/Frameworks";
				PRODUCT_BUNDLE_IDENTIFIER = "com.jt.MVVM--UITests";
				PRODUCT_NAME = "$(TARGET_NAME)";
				TEST_TARGET_NAME = "MVVM尝试";
			};
			name = Debug;
		};
		8C7AF0E61F0F15D800EDCBE3 /* Release */ = {
			isa = XCBuildConfiguration;
			buildSettings = {
				INFOPLIST_FILE = "MVVM尝试UITests/Info.plist";
				LD_RUNPATH_SEARCH_PATHS = "$(inherited) @executable_path/Frameworks @loader_path/Frameworks";
				PRODUCT_BUNDLE_IDENTIFIER = "com.jt.MVVM--UITests";
				PRODUCT_NAME = "$(TARGET_NAME)";
				TEST_TARGET_NAME = "MVVM尝试";
			};
			name = Release;
		};
/* End XCBuildConfiguration section */

/* Begin XCConfigurationList section */
		8C7AF0AC1F0F15D700EDCBE3 /* Build configuration list for PBXProject "MVVM尝试" */ = {
			isa = XCConfigurationList;
			buildConfigurations = (
				8C7AF0DC1F0F15D800EDCBE3 /* Debug */,
				8C7AF0DD1F0F15D800EDCBE3 /* Release */,
			);
			defaultConfigurationIsVisible = 0;
			defaultConfigurationName = Release;
		};
		8C7AF0DE1F0F15D800EDCBE3 /* Build configuration list for PBXNativeTarget "MVVM尝试" */ = {
			isa = XCConfigurationList;
			buildConfigurations = (
				8C7AF0DF1F0F15D800EDCBE3 /* Debug */,
				8C7AF0E01F0F15D800EDCBE3 /* Release */,
			);
			defaultConfigurationIsVisible = 0;
		};
		8C7AF0E11F0F15D800EDCBE3 /* Build configuration list for PBXNativeTarget "MVVM尝试Tests" */ = {
			isa = XCConfigurationList;
			buildConfigurations = (
				8C7AF0E21F0F15D800EDCBE3 /* Debug */,
				8C7AF0E31F0F15D800EDCBE3 /* Release */,
			);
			defaultConfigurationIsVisible = 0;
		};
		8C7AF0E41F0F15D800EDCBE3 /* Build configuration list for PBXNativeTarget "MVVM尝试UITests" */ = {
			isa = XCConfigurationList;
			buildConfigurations = (
				8C7AF0E51F0F15D800EDCBE3 /* Debug */,
				8C7AF0E61F0F15D800EDCBE3 /* Release */,
			);
			defaultConfigurationIsVisible = 0;
		};
/* End XCConfigurationList section */
	};
	rootObject = 8C7AF0A91F0F15D700EDCBE3 /* Project object */;
}
